
Microsoft Visual Studio Solution File, Format Version 12.00
# Visual Studio Version 17
VisualStudioVersion = 17.9.34622.214
MinimumVisualStudioVersion = 10.0.40219.1
Project("{FAE04EC0-301F-11D3-BF4B-00C04F79EFBC}") = "EmailSender.API", "EmailSender.API\EmailSender.API.csproj", "{3F152845-6C43-4941-A334-E22BCB370991}"
EndProject
Project("{FAE04EC0-301F-11D3-BF4B-00C04F79EFBC}") = "EmailSender.Domain", "EmailSender.Domain\EmailSender.Domain.csproj", "{402A12E3-DBD0-4F28-B778-90F8B67BA607}"
EndProject
Project("{FAE04EC0-301F-11D3-BF4B-00C04F79EFBC}") = "EmailSender.Application", "EmailSender.Application\EmailSender.Application.csproj", "{72D1FEF9-844F-461C-953F-FB237F8D2B13}"
EndProject
Project("{FAE04EC0-301F-11D3-BF4B-00C04F79EFBC}") = "EmailSender.Infractructure", "EmailSender.Infractructure\EmailSender.Infractructure.csproj", "{C58DB345-86CC-4AE1-B891-1286A69BF845}"
EndProject
Global
	GlobalSection(SolutionConfigurationPlatforms) = preSolution
		Debug|Any CPU = Debug|Any CPU
		Release|Any CPU = Release|Any CPU
	EndGlobalSection
	GlobalSection(ProjectConfigurationPlatforms) = postSolution
		{3F152845-6C43-4941-A334-E22BCB370991}.Debug|Any CPU.ActiveCfg = Debug|Any CPU
		{3F152845-6C43-4941-A334-E22BCB370991}.Debug|Any CPU.Build.0 = Debug|Any CPU
		{3F152845-6C43-4941-A334-E22BCB370991}.Release|Any CPU.ActiveCfg = Release|Any CPU
		{3F152845-6C43-4941-A334-E22BCB370991}.Release|Any CPU.Build.0 = Release|Any CPU
		{402A12E3-DBD0-4F28-B778-90F8B67BA607}.Debug|Any CPU.ActiveCfg = Debug|Any CPU
		{402A12E3-DBD0-4F28-B778-90F8B67BA607}.Debug|Any CPU.Build.0 = Debug|Any CPU
		{402A12E3-DBD0-4F28-B778-90F8B67BA607}.Release|Any CPU.ActiveCfg = Release|Any CPU
		{402A12E3-DBD0-4F28-B778-90F8B67BA607}.Release|Any CPU.Build.0 = Release|Any CPU
		{72D1FEF9-844F-461C-953F-FB237F8D2B13}.Debug|Any CPU.ActiveCfg = Debug|Any CPU
		{72D1FEF9-844F-461C-953F-FB237F8D2B13}.Debug|Any CPU.Build.0 = Debug|Any CPU
		{72D1FEF9-844F-461C-953F-FB237F8D2B13}.Release|Any CPU.ActiveCfg = Release|Any CPU
		{72D1FEF9-844F-461C-953F-FB237F8D2B13}.Release|Any CPU.Build.0 = Release|Any CPU
		{C58DB345-86CC-4AE1-B891-1286A69BF845}.Debug|Any CPU.ActiveCfg = Debug|Any CPU
		{C58DB345-86CC-4AE1-B891-1286A69BF845}.Debug|Any CPU.Build.0 = Debug|Any CPU
		{C58DB345-86CC-4AE1-B891-1286A69BF845}.Release|Any CPU.ActiveCfg = Release|Any CPU
		{C58DB345-86CC-4AE1-B891-1286A69BF845}.Release|Any CPU.Build.0 = Release|Any CPU
	EndGlobalSection
	GlobalSection(SolutionProperties) = preSolution
		HideSolutionNode = FALSE
	EndGlobalSection
	GlobalSection(ExtensibilityGlobals) = postSolution
		SolutionGuid = {1C0B3B4E-07B0-4D38-9136-37D6E55EC343}
	EndGlobalSection
EndGlobal
